// !$*UTF8*$!
{
	archiveVersion = 1;
	classes = {
	};
	objectVersion = 46;
	objects = {

/* Begin PBXBuildFile section */
		0623B578E7092AA8901A81F8 /* Pods_bytesTests.framework in Frameworks */ = {isa = PBXBuildFile; fileRef = 3C43EE8025D910C739CBA6C5 /* Pods_bytesTests.framework */; };
		1F27173B1DC8A9C700DD4318 /* UIColorExtensions.swift in Sources */ = {isa = PBXBuildFile; fileRef = 1F27173A1DC8A9C700DD4318 /* UIColorExtensions.swift */; };
		1F27173F1DC8CB5C00DD4318 /* DiscardTouchView.swift in Sources */ = {isa = PBXBuildFile; fileRef = 1F27173E1DC8CB5C00DD4318 /* DiscardTouchView.swift */; };
		1F3B9E9B1DCB817500727379 /* ArrayTableViewDatasourceDataStub.swift in Sources */ = {isa = PBXBuildFile; fileRef = 1FF0F1061DBFABAA002BE0C9 /* ArrayTableViewDatasourceDataStub.swift */; };
		1F3B9E9C1DCB818700727379 /* UIViewExtensionsSpec.swift in Sources */ = {isa = PBXBuildFile; fileRef = 75BB7BED1DC240E70078A853 /* UIViewExtensionsSpec.swift */; };
		1F3B9E9D1DCB818700727379 /* UIApplicationExtensionsSpec.swift in Sources */ = {isa = PBXBuildFile; fileRef = 7510AF6F1DC8D1AF000E3314 /* UIApplicationExtensionsSpec.swift */; };
		1F3B9E9E1DCB819500727379 /* UIDeviceExtensionsSpec.swift in Sources */ = {isa = PBXBuildFile; fileRef = 7510AF711DC8D5E9000E3314 /* UIDeviceExtensionsSpec.swift */; };
		1F3B9E9F1DCB819500727379 /* UIColorSettingValuesExtensionSpec.swift in Sources */ = {isa = PBXBuildFile; fileRef = 1F27173C1DC8AC2B00DD4318 /* UIColorSettingValuesExtensionSpec.swift */; };
		1F3B9EA01DCB81A400727379 /* DiscardTouchViewSpec.swift in Sources */ = {isa = PBXBuildFile; fileRef = 1F2717401DC8CC6600DD4318 /* DiscardTouchViewSpec.swift */; };
		1F3B9EA31DCB81F100727379 /* DateFormatterExtensionsSpec.swift in Sources */ = {isa = PBXBuildFile; fileRef = 7510AF751DC90145000E3314 /* DateFormatterExtensionsSpec.swift */; };
		1F3B9EA41DCB85ED00727379 /* UIImageExtensionSpec.swift in Sources */ = {isa = PBXBuildFile; fileRef = 9EA85DBF1DC38700001EA93D /* UIImageExtensionSpec.swift */; };
		1FF0F0E01DBF4F61002BE0C9 /* AppDelegate.swift in Sources */ = {isa = PBXBuildFile; fileRef = 1FF0F0DF1DBF4F61002BE0C9 /* AppDelegate.swift */; };
		1FF0F0E21DBF4F61002BE0C9 /* ViewController.swift in Sources */ = {isa = PBXBuildFile; fileRef = 1FF0F0E11DBF4F61002BE0C9 /* ViewController.swift */; };
		1FF0F0E51DBF4F61002BE0C9 /* Main.storyboard in Resources */ = {isa = PBXBuildFile; fileRef = 1FF0F0E31DBF4F61002BE0C9 /* Main.storyboard */; };
		1FF0F0E71DBF4F61002BE0C9 /* Assets.xcassets in Resources */ = {isa = PBXBuildFile; fileRef = 1FF0F0E61DBF4F61002BE0C9 /* Assets.xcassets */; };
		1FF0F0EA1DBF4F61002BE0C9 /* LaunchScreen.storyboard in Resources */ = {isa = PBXBuildFile; fileRef = 1FF0F0E81DBF4F61002BE0C9 /* LaunchScreen.storyboard */; };
		1FF0F1021DBF9A67002BE0C9 /* ArrayTableViewDatasource.swift in Sources */ = {isa = PBXBuildFile; fileRef = 1FF0F1011DBF9A66002BE0C9 /* ArrayTableViewDatasource.swift */; };
		1FF0F1051DBFA54C002BE0C9 /* ArrayTableViewDatasourceSpec.swift in Sources */ = {isa = PBXBuildFile; fileRef = 1FF0F1031DBFA46E002BE0C9 /* ArrayTableViewDatasourceSpec.swift */; };
		75033E3D1DC1F3D1003BDAB2 /* UIViewExtensions.swift in Sources */ = {isa = PBXBuildFile; fileRef = 75033E3C1DC1F3D1003BDAB2 /* UIViewExtensions.swift */; };
		7510AF6C1DC8ACBA000E3314 /* UIDeviceExtensions.swift in Sources */ = {isa = PBXBuildFile; fileRef = 7510AF6B1DC8ACBA000E3314 /* UIDeviceExtensions.swift */; };
		7510AF6E1DC8C89A000E3314 /* UIApplicationExtensions.swift in Sources */ = {isa = PBXBuildFile; fileRef = 7510AF6D1DC8C89A000E3314 /* UIApplicationExtensions.swift */; };
		7510AF741DC8E5F5000E3314 /* DateFormatterExtensions.swift in Sources */ = {isa = PBXBuildFile; fileRef = 7510AF731DC8E5F5000E3314 /* DateFormatterExtensions.swift */; };
		9EA85DBE1DC37E18001EA93D /* UIImageExtension.swift in Sources */ = {isa = PBXBuildFile; fileRef = 9EA85DBD1DC37E18001EA93D /* UIImageExtension.swift */; };
		9EA85DC71DC39A6B001EA93D /* TestAssets.xcassets in Resources */ = {isa = PBXBuildFile; fileRef = 9EA85DC61DC39A6B001EA93D /* TestAssets.xcassets */; };
		BC2A29C285BD969EF2DE3FF9 /* Pods_bytes.framework in Frameworks */ = {isa = PBXBuildFile; fileRef = AE915E8665E4B0FA96257175 /* Pods_bytes.framework */; };
/* End PBXBuildFile section */

/* Begin PBXContainerItemProxy section */
		1FF0F0F11DBF4F61002BE0C9 /* PBXContainerItemProxy */ = {
			isa = PBXContainerItemProxy;
			containerPortal = 1FF0F0D41DBF4F61002BE0C9 /* Project object */;
			proxyType = 1;
			remoteGlobalIDString = 1FF0F0DB1DBF4F61002BE0C9;
			remoteInfo = bytes;
		};
/* End PBXContainerItemProxy section */

/* Begin PBXFileReference section */
		1F27173A1DC8A9C700DD4318 /* UIColorExtensions.swift */ = {isa = PBXFileReference; fileEncoding = 4; lastKnownFileType = sourcecode.swift; path = UIColorExtensions.swift; sourceTree = "<group>"; };
		1F27173C1DC8AC2B00DD4318 /* UIColorSettingValuesExtensionSpec.swift */ = {isa = PBXFileReference; fileEncoding = 4; lastKnownFileType = sourcecode.swift; path = UIColorSettingValuesExtensionSpec.swift; sourceTree = "<group>"; };
		1F27173E1DC8CB5C00DD4318 /* DiscardTouchView.swift */ = {isa = PBXFileReference; fileEncoding = 4; lastKnownFileType = sourcecode.swift; path = DiscardTouchView.swift; sourceTree = "<group>"; };
		1F2717401DC8CC6600DD4318 /* DiscardTouchViewSpec.swift */ = {isa = PBXFileReference; fileEncoding = 4; lastKnownFileType = sourcecode.swift; path = DiscardTouchViewSpec.swift; sourceTree = "<group>"; };
		1FF0F0DC1DBF4F61002BE0C9 /* bytes.app */ = {isa = PBXFileReference; explicitFileType = wrapper.application; includeInIndex = 0; path = bytes.app; sourceTree = BUILT_PRODUCTS_DIR; };
		1FF0F0DF1DBF4F61002BE0C9 /* AppDelegate.swift */ = {isa = PBXFileReference; lastKnownFileType = sourcecode.swift; path = AppDelegate.swift; sourceTree = "<group>"; };
		1FF0F0E11DBF4F61002BE0C9 /* ViewController.swift */ = {isa = PBXFileReference; lastKnownFileType = sourcecode.swift; path = ViewController.swift; sourceTree = "<group>"; };
		1FF0F0E41DBF4F61002BE0C9 /* Base */ = {isa = PBXFileReference; lastKnownFileType = file.storyboard; name = Base; path = Base.lproj/Main.storyboard; sourceTree = "<group>"; };
		1FF0F0E61DBF4F61002BE0C9 /* Assets.xcassets */ = {isa = PBXFileReference; lastKnownFileType = folder.assetcatalog; path = Assets.xcassets; sourceTree = "<group>"; };
		1FF0F0E91DBF4F61002BE0C9 /* Base */ = {isa = PBXFileReference; lastKnownFileType = file.storyboard; name = Base; path = Base.lproj/LaunchScreen.storyboard; sourceTree = "<group>"; };
		1FF0F0EB1DBF4F61002BE0C9 /* Info.plist */ = {isa = PBXFileReference; lastKnownFileType = text.plist.xml; path = Info.plist; sourceTree = "<group>"; };
		1FF0F0F01DBF4F61002BE0C9 /* bytesTests.xctest */ = {isa = PBXFileReference; explicitFileType = wrapper.cfbundle; includeInIndex = 0; path = bytesTests.xctest; sourceTree = BUILT_PRODUCTS_DIR; };
		1FF0F0F61DBF4F61002BE0C9 /* Info.plist */ = {isa = PBXFileReference; lastKnownFileType = text.plist.xml; path = Info.plist; sourceTree = "<group>"; };
		1FF0F1011DBF9A66002BE0C9 /* ArrayTableViewDatasource.swift */ = {isa = PBXFileReference; fileEncoding = 4; lastKnownFileType = sourcecode.swift; name = ArrayTableViewDatasource.swift; path = bytes/ArrayDatasource/ArrayTableViewDatasource.swift; sourceTree = "<group>"; };
		1FF0F1031DBFA46E002BE0C9 /* ArrayTableViewDatasourceSpec.swift */ = {isa = PBXFileReference; fileEncoding = 4; lastKnownFileType = sourcecode.swift; path = ArrayTableViewDatasourceSpec.swift; sourceTree = "<group>"; };
		1FF0F1061DBFABAA002BE0C9 /* ArrayTableViewDatasourceDataStub.swift */ = {isa = PBXFileReference; fileEncoding = 4; lastKnownFileType = sourcecode.swift; path = ArrayTableViewDatasourceDataStub.swift; sourceTree = "<group>"; };
		3C43EE8025D910C739CBA6C5 /* Pods_bytesTests.framework */ = {isa = PBXFileReference; explicitFileType = wrapper.framework; includeInIndex = 0; path = Pods_bytesTests.framework; sourceTree = BUILT_PRODUCTS_DIR; };
		52FABA55EBADF56EF8C67F6B /* Pods-bytes.debug.xcconfig */ = {isa = PBXFileReference; includeInIndex = 1; lastKnownFileType = text.xcconfig; name = "Pods-bytes.debug.xcconfig"; path = "Pods/Target Support Files/Pods-bytes/Pods-bytes.debug.xcconfig"; sourceTree = "<group>"; };
		5EE23041ABFC9059661D8E2F /* Pods-bytesTests.release.xcconfig */ = {isa = PBXFileReference; includeInIndex = 1; lastKnownFileType = text.xcconfig; name = "Pods-bytesTests.release.xcconfig"; path = "Pods/Target Support Files/Pods-bytesTests/Pods-bytesTests.release.xcconfig"; sourceTree = "<group>"; };
		75033E3C1DC1F3D1003BDAB2 /* UIViewExtensions.swift */ = {isa = PBXFileReference; fileEncoding = 4; lastKnownFileType = sourcecode.swift; name = UIViewExtensions.swift; path = bytes/Extensions/UIViewExtensions.swift; sourceTree = "<group>"; };
		7510AF6B1DC8ACBA000E3314 /* UIDeviceExtensions.swift */ = {isa = PBXFileReference; fileEncoding = 4; lastKnownFileType = sourcecode.swift; name = UIDeviceExtensions.swift; path = bytes/Extensions/UIDeviceExtensions.swift; sourceTree = "<group>"; };
		7510AF6D1DC8C89A000E3314 /* UIApplicationExtensions.swift */ = {isa = PBXFileReference; fileEncoding = 4; lastKnownFileType = sourcecode.swift; path = UIApplicationExtensions.swift; sourceTree = "<group>"; };
		7510AF6F1DC8D1AF000E3314 /* UIApplicationExtensionsSpec.swift */ = {isa = PBXFileReference; fileEncoding = 4; lastKnownFileType = sourcecode.swift; path = UIApplicationExtensionsSpec.swift; sourceTree = "<group>"; };
		7510AF711DC8D5E9000E3314 /* UIDeviceExtensionsSpec.swift */ = {isa = PBXFileReference; fileEncoding = 4; lastKnownFileType = sourcecode.swift; path = UIDeviceExtensionsSpec.swift; sourceTree = "<group>"; };
		7510AF731DC8E5F5000E3314 /* DateFormatterExtensions.swift */ = {isa = PBXFileReference; fileEncoding = 4; lastKnownFileType = sourcecode.swift; name = DateFormatterExtensions.swift; path = bytes/Extensions/DateFormatterExtensions.swift; sourceTree = "<group>"; };
		7510AF751DC90145000E3314 /* DateFormatterExtensionsSpec.swift */ = {isa = PBXFileReference; fileEncoding = 4; lastKnownFileType = sourcecode.swift; path = DateFormatterExtensionsSpec.swift; sourceTree = "<group>"; };
		75BB7BED1DC240E70078A853 /* UIViewExtensionsSpec.swift */ = {isa = PBXFileReference; fileEncoding = 4; lastKnownFileType = sourcecode.swift; path = UIViewExtensionsSpec.swift; sourceTree = "<group>"; };
		9EA85DBD1DC37E18001EA93D /* UIImageExtension.swift */ = {isa = PBXFileReference; fileEncoding = 4; lastKnownFileType = sourcecode.swift; name = UIImageExtension.swift; path = bytes/UIImageExtension.swift; sourceTree = "<group>"; };
		9EA85DBF1DC38700001EA93D /* UIImageExtensionSpec.swift */ = {isa = PBXFileReference; fileEncoding = 4; lastKnownFileType = sourcecode.swift; path = UIImageExtensionSpec.swift; sourceTree = "<group>"; };
		9EA85DC61DC39A6B001EA93D /* TestAssets.xcassets */ = {isa = PBXFileReference; lastKnownFileType = folder.assetcatalog; path = TestAssets.xcassets; sourceTree = "<group>"; };
		AE915E8665E4B0FA96257175 /* Pods_bytes.framework */ = {isa = PBXFileReference; explicitFileType = wrapper.framework; includeInIndex = 0; path = Pods_bytes.framework; sourceTree = BUILT_PRODUCTS_DIR; };
		E20C79CAD39B8DA3FB1F0A9D /* Pods-bytes.release.xcconfig */ = {isa = PBXFileReference; includeInIndex = 1; lastKnownFileType = text.xcconfig; name = "Pods-bytes.release.xcconfig"; path = "Pods/Target Support Files/Pods-bytes/Pods-bytes.release.xcconfig"; sourceTree = "<group>"; };
		F3DBA816DB155E058E3C1D94 /* Pods-bytesTests.debug.xcconfig */ = {isa = PBXFileReference; includeInIndex = 1; lastKnownFileType = text.xcconfig; name = "Pods-bytesTests.debug.xcconfig"; path = "Pods/Target Support Files/Pods-bytesTests/Pods-bytesTests.debug.xcconfig"; sourceTree = "<group>"; };
/* End PBXFileReference section */

/* Begin PBXFrameworksBuildPhase section */
		1FF0F0D91DBF4F61002BE0C9 /* Frameworks */ = {
			isa = PBXFrameworksBuildPhase;
			buildActionMask = 2147483647;
			files = (
				BC2A29C285BD969EF2DE3FF9 /* Pods_bytes.framework in Frameworks */,
			);
			runOnlyForDeploymentPostprocessing = 0;
		};
		1FF0F0ED1DBF4F61002BE0C9 /* Frameworks */ = {
			isa = PBXFrameworksBuildPhase;
			buildActionMask = 2147483647;
			files = (
				0623B578E7092AA8901A81F8 /* Pods_bytesTests.framework in Frameworks */,
			);
			runOnlyForDeploymentPostprocessing = 0;
		};
/* End PBXFrameworksBuildPhase section */

/* Begin PBXGroup section */
		1A760F61A319548A99052F78 /* Pods */ = {
			isa = PBXGroup;
			children = (
				52FABA55EBADF56EF8C67F6B /* Pods-bytes.debug.xcconfig */,
				E20C79CAD39B8DA3FB1F0A9D /* Pods-bytes.release.xcconfig */,
				F3DBA816DB155E058E3C1D94 /* Pods-bytesTests.debug.xcconfig */,
				5EE23041ABFC9059661D8E2F /* Pods-bytesTests.release.xcconfig */,
			);
			name = Pods;
			sourceTree = "<group>";
		};
		1FF0F0D31DBF4F61002BE0C9 = {
			isa = PBXGroup;
			children = (
				1FF0F0DE1DBF4F61002BE0C9 /* bytes */,
				1FF0F0F31DBF4F61002BE0C9 /* bytesTests */,
				1FF0F0DD1DBF4F61002BE0C9 /* Products */,
				1A760F61A319548A99052F78 /* Pods */,
				4D63C919E028B5BE99943195 /* Frameworks */,
			);
			sourceTree = "<group>";
		};
		1FF0F0DD1DBF4F61002BE0C9 /* Products */ = {
			isa = PBXGroup;
			children = (
				1FF0F0DC1DBF4F61002BE0C9 /* bytes.app */,
				1FF0F0F01DBF4F61002BE0C9 /* bytesTests.xctest */,
			);
			name = Products;
			sourceTree = "<group>";
		};
		1FF0F0DE1DBF4F61002BE0C9 /* bytes */ = {
			isa = PBXGroup;
			children = (
				1FF0F0FF1DBF9A39002BE0C9 /* bytes */,
				1FF0F0DF1DBF4F61002BE0C9 /* AppDelegate.swift */,
				1FF0F0E11DBF4F61002BE0C9 /* ViewController.swift */,
				1FF0F0E31DBF4F61002BE0C9 /* Main.storyboard */,
				1FF0F0E61DBF4F61002BE0C9 /* Assets.xcassets */,
				1FF0F0E81DBF4F61002BE0C9 /* LaunchScreen.storyboard */,
				1FF0F0EB1DBF4F61002BE0C9 /* Info.plist */,
			);
			path = bytes;
			sourceTree = "<group>";
		};
		1FF0F0F31DBF4F61002BE0C9 /* bytesTests */ = {
			isa = PBXGroup;
			children = (
				1FF0F0F61DBF4F61002BE0C9 /* Info.plist */,
				1FF0F1031DBFA46E002BE0C9 /* ArrayTableViewDatasourceSpec.swift */,
				1FF0F1061DBFABAA002BE0C9 /* ArrayTableViewDatasourceDataStub.swift */,
				75BB7BED1DC240E70078A853 /* UIViewExtensionsSpec.swift */,
				7510AF6F1DC8D1AF000E3314 /* UIApplicationExtensionsSpec.swift */,
				7510AF711DC8D5E9000E3314 /* UIDeviceExtensionsSpec.swift */,
				1F27173C1DC8AC2B00DD4318 /* UIColorSettingValuesExtensionSpec.swift */,
				1F2717401DC8CC6600DD4318 /* DiscardTouchViewSpec.swift */,
				9EA85DBF1DC38700001EA93D /* UIImageExtensionSpec.swift */,
				7510AF751DC90145000E3314 /* DateFormatterExtensionsSpec.swift */,
				9EA85DC61DC39A6B001EA93D /* TestAssets.xcassets */,
			);
			path = bytesTests;
			sourceTree = "<group>";
		};
		1FF0F0FF1DBF9A39002BE0C9 /* bytes */ = {
			isa = PBXGroup;
			children = (
				75033E3B1DC1F3B9003BDAB2 /* Extensions */,
				1FF0F1001DBF9A42002BE0C9 /* ArrayDatasource */,
				1F27173E1DC8CB5C00DD4318 /* DiscardTouchView.swift */,
				9EA85DBD1DC37E18001EA93D /* UIImageExtension.swift */,
			);
			name = bytes;
			sourceTree = "<group>";
		};
		1FF0F1001DBF9A42002BE0C9 /* ArrayDatasource */ = {
			isa = PBXGroup;
			children = (
				1FF0F1011DBF9A66002BE0C9 /* ArrayTableViewDatasource.swift */,
			);
			name = ArrayDatasource;
			sourceTree = "<group>";
		};
		4D63C919E028B5BE99943195 /* Frameworks */ = {
			isa = PBXGroup;
			children = (
				AE915E8665E4B0FA96257175 /* Pods_bytes.framework */,
				3C43EE8025D910C739CBA6C5 /* Pods_bytesTests.framework */,
			);
			name = Frameworks;
			sourceTree = "<group>";
		};
		75033E3B1DC1F3B9003BDAB2 /* Extensions */ = {
			isa = PBXGroup;
			children = (
				75033E3C1DC1F3D1003BDAB2 /* UIViewExtensions.swift */,
				7510AF6B1DC8ACBA000E3314 /* UIDeviceExtensions.swift */,
				7510AF6D1DC8C89A000E3314 /* UIApplicationExtensions.swift */,
				1F27173A1DC8A9C700DD4318 /* UIColorExtensions.swift */,
				7510AF731DC8E5F5000E3314 /* DateFormatterExtensions.swift */,
			);
			name = Extensions;
			sourceTree = "<group>";
		};
/* End PBXGroup section */

/* Begin PBXNativeTarget section */
		1FF0F0DB1DBF4F61002BE0C9 /* bytes */ = {
			isa = PBXNativeTarget;
			buildConfigurationList = 1FF0F0F91DBF4F61002BE0C9 /* Build configuration list for PBXNativeTarget "bytes" */;
			buildPhases = (
				9F64EB3936E51C1DAA22FBE9 /* [CP] Check Pods Manifest.lock */,
				1FF0F0D81DBF4F61002BE0C9 /* Sources */,
				1FF0F0D91DBF4F61002BE0C9 /* Frameworks */,
				1FF0F0DA1DBF4F61002BE0C9 /* Resources */,
				4E1FEBFDA7E12DE2E2D3AC11 /* [CP] Embed Pods Frameworks */,
				ECEA4F5992249BB93B18EBAA /* [CP] Copy Pods Resources */,
			);
			buildRules = (
			);
			dependencies = (
			);
			name = bytes;
			productName = bytes;
			productReference = 1FF0F0DC1DBF4F61002BE0C9 /* bytes.app */;
			productType = "com.apple.product-type.application";
		};
		1FF0F0EF1DBF4F61002BE0C9 /* bytesTests */ = {
			isa = PBXNativeTarget;
			buildConfigurationList = 1FF0F0FC1DBF4F61002BE0C9 /* Build configuration list for PBXNativeTarget "bytesTests" */;
			buildPhases = (
				DE677C400D70891480A4E090 /* [CP] Check Pods Manifest.lock */,
				1FF0F0EC1DBF4F61002BE0C9 /* Sources */,
				1FF0F0ED1DBF4F61002BE0C9 /* Frameworks */,
				1FF0F0EE1DBF4F61002BE0C9 /* Resources */,
				B90C2DEFA2B52F7F0B6FDF68 /* [CP] Embed Pods Frameworks */,
				5E6CCB170B8F1567D033189B /* [CP] Copy Pods Resources */,
			);
			buildRules = (
			);
			dependencies = (
				1FF0F0F21DBF4F61002BE0C9 /* PBXTargetDependency */,
			);
			name = bytesTests;
			productName = bytesTests;
			productReference = 1FF0F0F01DBF4F61002BE0C9 /* bytesTests.xctest */;
			productType = "com.apple.product-type.bundle.unit-test";
		};
/* End PBXNativeTarget section */

/* Begin PBXProject section */
		1FF0F0D41DBF4F61002BE0C9 /* Project object */ = {
			isa = PBXProject;
			attributes = {
				LastSwiftUpdateCheck = 0800;
				LastUpgradeCheck = 0800;
				ORGANIZATIONNAME = "TBO INTERACTIVE GmbH & Co. KG";
				TargetAttributes = {
					1FF0F0DB1DBF4F61002BE0C9 = {
						CreatedOnToolsVersion = 8.0;
						ProvisioningStyle = Automatic;
					};
					1FF0F0EF1DBF4F61002BE0C9 = {
						CreatedOnToolsVersion = 8.0;
						ProvisioningStyle = Automatic;
						TestTargetID = 1FF0F0DB1DBF4F61002BE0C9;
					};
				};
			};
			buildConfigurationList = 1FF0F0D71DBF4F61002BE0C9 /* Build configuration list for PBXProject "bytes" */;
			compatibilityVersion = "Xcode 3.2";
			developmentRegion = English;
			hasScannedForEncodings = 0;
			knownRegions = (
				en,
				Base,
			);
			mainGroup = 1FF0F0D31DBF4F61002BE0C9;
			productRefGroup = 1FF0F0DD1DBF4F61002BE0C9 /* Products */;
			projectDirPath = "";
			projectRoot = "";
			targets = (
				1FF0F0DB1DBF4F61002BE0C9 /* bytes */,
				1FF0F0EF1DBF4F61002BE0C9 /* bytesTests */,
			);
		};
/* End PBXProject section */

/* Begin PBXResourcesBuildPhase section */
		1FF0F0DA1DBF4F61002BE0C9 /* Resources */ = {
			isa = PBXResourcesBuildPhase;
			buildActionMask = 2147483647;
			files = (
				1FF0F0EA1DBF4F61002BE0C9 /* LaunchScreen.storyboard in Resources */,
				1FF0F0E71DBF4F61002BE0C9 /* Assets.xcassets in Resources */,
				1FF0F0E51DBF4F61002BE0C9 /* Main.storyboard in Resources */,
			);
			runOnlyForDeploymentPostprocessing = 0;
		};
		1FF0F0EE1DBF4F61002BE0C9 /* Resources */ = {
			isa = PBXResourcesBuildPhase;
			buildActionMask = 2147483647;
			files = (
				9EA85DC71DC39A6B001EA93D /* TestAssets.xcassets in Resources */,
			);
			runOnlyForDeploymentPostprocessing = 0;
		};
/* End PBXResourcesBuildPhase section */

/* Begin PBXShellScriptBuildPhase section */
		4E1FEBFDA7E12DE2E2D3AC11 /* [CP] Embed Pods Frameworks */ = {
			isa = PBXShellScriptBuildPhase;
			buildActionMask = 2147483647;
			files = (
			);
			inputPaths = (
			);
			name = "[CP] Embed Pods Frameworks";
			outputPaths = (
			);
			runOnlyForDeploymentPostprocessing = 0;
			shellPath = /bin/sh;
			shellScript = "\"${SRCROOT}/Pods/Target Support Files/Pods-bytes/Pods-bytes-frameworks.sh\"\n";
			showEnvVarsInLog = 0;
		};
		5E6CCB170B8F1567D033189B /* [CP] Copy Pods Resources */ = {
			isa = PBXShellScriptBuildPhase;
			buildActionMask = 2147483647;
			files = (
			);
			inputPaths = (
			);
			name = "[CP] Copy Pods Resources";
			outputPaths = (
			);
			runOnlyForDeploymentPostprocessing = 0;
			shellPath = /bin/sh;
			shellScript = "\"${SRCROOT}/Pods/Target Support Files/Pods-bytesTests/Pods-bytesTests-resources.sh\"\n";
			showEnvVarsInLog = 0;
		};
		9F64EB3936E51C1DAA22FBE9 /* [CP] Check Pods Manifest.lock */ = {
			isa = PBXShellScriptBuildPhase;
			buildActionMask = 2147483647;
			files = (
			);
			inputPaths = (
			);
			name = "[CP] Check Pods Manifest.lock";
			outputPaths = (
			);
			runOnlyForDeploymentPostprocessing = 0;
			shellPath = /bin/sh;
			shellScript = "diff \"${PODS_ROOT}/../Podfile.lock\" \"${PODS_ROOT}/Manifest.lock\" > /dev/null\nif [ $? != 0 ] ; then\n    # print error to STDERR\n    echo \"error: The sandbox is not in sync with the Podfile.lock. Run 'pod install' or update your CocoaPods installation.\" >&2\n    exit 1\nfi\n";
			showEnvVarsInLog = 0;
		};
		B90C2DEFA2B52F7F0B6FDF68 /* [CP] Embed Pods Frameworks */ = {
			isa = PBXShellScriptBuildPhase;
			buildActionMask = 2147483647;
			files = (
			);
			inputPaths = (
			);
			name = "[CP] Embed Pods Frameworks";
			outputPaths = (
			);
			runOnlyForDeploymentPostprocessing = 0;
			shellPath = /bin/sh;
			shellScript = "\"${SRCROOT}/Pods/Target Support Files/Pods-bytesTests/Pods-bytesTests-frameworks.sh\"\n";
			showEnvVarsInLog = 0;
		};
		DE677C400D70891480A4E090 /* [CP] Check Pods Manifest.lock */ = {
			isa = PBXShellScriptBuildPhase;
			buildActionMask = 2147483647;
			files = (
			);
			inputPaths = (
			);
			name = "[CP] Check Pods Manifest.lock";
			outputPaths = (
			);
			runOnlyForDeploymentPostprocessing = 0;
			shellPath = /bin/sh;
			shellScript = "diff \"${PODS_ROOT}/../Podfile.lock\" \"${PODS_ROOT}/Manifest.lock\" > /dev/null\nif [ $? != 0 ] ; then\n    # print error to STDERR\n    echo \"error: The sandbox is not in sync with the Podfile.lock. Run 'pod install' or update your CocoaPods installation.\" >&2\n    exit 1\nfi\n";
			showEnvVarsInLog = 0;
		};
		ECEA4F5992249BB93B18EBAA /* [CP] Copy Pods Resources */ = {
			isa = PBXShellScriptBuildPhase;
			buildActionMask = 2147483647;
			files = (
			);
			inputPaths = (
			);
			name = "[CP] Copy Pods Resources";
			outputPaths = (
			);
			runOnlyForDeploymentPostprocessing = 0;
			shellPath = /bin/sh;
			shellScript = "\"${SRCROOT}/Pods/Target Support Files/Pods-bytes/Pods-bytes-resources.sh\"\n";
			showEnvVarsInLog = 0;
		};
/* End PBXShellScriptBuildPhase section */

/* Begin PBXSourcesBuildPhase section */
		1FF0F0D81DBF4F61002BE0C9 /* Sources */ = {
			isa = PBXSourcesBuildPhase;
			buildActionMask = 2147483647;
			files = (
				7510AF6E1DC8C89A000E3314 /* UIApplicationExtensions.swift in Sources */,
				1FF0F0E21DBF4F61002BE0C9 /* ViewController.swift in Sources */,
				1F27173F1DC8CB5C00DD4318 /* DiscardTouchView.swift in Sources */,
				1FF0F0E01DBF4F61002BE0C9 /* AppDelegate.swift in Sources */,
				75033E3D1DC1F3D1003BDAB2 /* UIViewExtensions.swift in Sources */,
				7510AF741DC8E5F5000E3314 /* DateFormatterExtensions.swift in Sources */,
				1FF0F1021DBF9A67002BE0C9 /* ArrayTableViewDatasource.swift in Sources */,
				7510AF6C1DC8ACBA000E3314 /* UIDeviceExtensions.swift in Sources */,
				1F27173B1DC8A9C700DD4318 /* UIColorExtensions.swift in Sources */,
				9EA85DBE1DC37E18001EA93D /* UIImageExtension.swift in Sources */,
			);
			runOnlyForDeploymentPostprocessing = 0;
		};
		1FF0F0EC1DBF4F61002BE0C9 /* Sources */ = {
			isa = PBXSourcesBuildPhase;
			buildActionMask = 2147483647;
			files = (
				1F3B9E9C1DCB818700727379 /* UIViewExtensionsSpec.swift in Sources */,
				1F3B9EA01DCB81A400727379 /* DiscardTouchViewSpec.swift in Sources */,
				1F3B9EA41DCB85ED00727379 /* UIImageExtensionSpec.swift in Sources */,
				1F3B9E9E1DCB819500727379 /* UIDeviceExtensionsSpec.swift in Sources */,
				1F3B9EA31DCB81F100727379 /* DateFormatterExtensionsSpec.swift in Sources */,
				1F3B9E9B1DCB817500727379 /* ArrayTableViewDatasourceDataStub.swift in Sources */,
				1FF0F1051DBFA54C002BE0C9 /* ArrayTableViewDatasourceSpec.swift in Sources */,
				1F3B9E9D1DCB818700727379 /* UIApplicationExtensionsSpec.swift in Sources */,
				1F3B9E9F1DCB819500727379 /* UIColorSettingValuesExtensionSpec.swift in Sources */,
			);
			runOnlyForDeploymentPostprocessing = 0;
		};
/* End PBXSourcesBuildPhase section */

/* Begin PBXTargetDependency section */
		1FF0F0F21DBF4F61002BE0C9 /* PBXTargetDependency */ = {
			isa = PBXTargetDependency;
			target = 1FF0F0DB1DBF4F61002BE0C9 /* bytes */;
			targetProxy = 1FF0F0F11DBF4F61002BE0C9 /* PBXContainerItemProxy */;
		};
/* End PBXTargetDependency section */

/* Begin PBXVariantGroup section */
		1FF0F0E31DBF4F61002BE0C9 /* Main.storyboard */ = {
			isa = PBXVariantGroup;
			children = (
				1FF0F0E41DBF4F61002BE0C9 /* Base */,
			);
			name = Main.storyboard;
			sourceTree = "<group>";
		};
		1FF0F0E81DBF4F61002BE0C9 /* LaunchScreen.storyboard */ = {
			isa = PBXVariantGroup;
			children = (
				1FF0F0E91DBF4F61002BE0C9 /* Base */,
			);
			name = LaunchScreen.storyboard;
			sourceTree = "<group>";
		};
/* End PBXVariantGroup section */

/* Begin XCBuildConfiguration section */
		1FF0F0F71DBF4F61002BE0C9 /* Debug */ = {
			isa = XCBuildConfiguration;
			buildSettings = {
				ALWAYS_SEARCH_USER_PATHS = NO;
				CLANG_ANALYZER_NONNULL = YES;
				CLANG_CXX_LANGUAGE_STANDARD = "gnu++0x";
				CLANG_CXX_LIBRARY = "libc++";
				CLANG_ENABLE_MODULES = YES;
				CLANG_ENABLE_OBJC_ARC = YES;
				CLANG_WARN_BOOL_CONVERSION = YES;
				CLANG_WARN_CONSTANT_CONVERSION = YES;
				CLANG_WARN_DIRECT_OBJC_ISA_USAGE = YES_ERROR;
				CLANG_WARN_DOCUMENTATION_COMMENTS = YES;
				CLANG_WARN_EMPTY_BODY = YES;
				CLANG_WARN_ENUM_CONVERSION = YES;
				CLANG_WARN_INFINITE_RECURSION = YES;
				CLANG_WARN_INT_CONVERSION = YES;
				CLANG_WARN_OBJC_ROOT_CLASS = YES_ERROR;
				CLANG_WARN_SUSPICIOUS_MOVES = YES;
				CLANG_WARN_UNREACHABLE_CODE = YES;
				CLANG_WARN__DUPLICATE_METHOD_MATCH = YES;
				"CODE_SIGN_IDENTITY[sdk=iphoneos*]" = "iPhone Developer";
				COPY_PHASE_STRIP = NO;
				DEBUG_INFORMATION_FORMAT = dwarf;
				ENABLE_STRICT_OBJC_MSGSEND = YES;
				ENABLE_TESTABILITY = YES;
				GCC_C_LANGUAGE_STANDARD = gnu99;
				GCC_DYNAMIC_NO_PIC = NO;
				GCC_NO_COMMON_BLOCKS = YES;
				GCC_OPTIMIZATION_LEVEL = 0;
				GCC_PREPROCESSOR_DEFINITIONS = (
					"DEBUG=1",
					"$(inherited)",
				);
				GCC_WARN_64_TO_32_BIT_CONVERSION = YES;
				GCC_WARN_ABOUT_RETURN_TYPE = YES_ERROR;
				GCC_WARN_UNDECLARED_SELECTOR = YES;
				GCC_WARN_UNINITIALIZED_AUTOS = YES_AGGRESSIVE;
				GCC_WARN_UNUSED_FUNCTION = YES;
				GCC_WARN_UNUSED_VARIABLE = YES;
				IPHONEOS_DEPLOYMENT_TARGET = 10.0;
				MTL_ENABLE_DEBUG_INFO = YES;
				ONLY_ACTIVE_ARCH = YES;
				SDKROOT = iphoneos;
				SWIFT_ACTIVE_COMPILATION_CONDITIONS = DEBUG;
				SWIFT_OPTIMIZATION_LEVEL = "-Onone";
				TARGETED_DEVICE_FAMILY = "1,2";
			};
			name = Debug;
		};
		1FF0F0F81DBF4F61002BE0C9 /* Release */ = {
			isa = XCBuildConfiguration;
			buildSettings = {
				ALWAYS_SEARCH_USER_PATHS = NO;
				CLANG_ANALYZER_NONNULL = YES;
				CLANG_CXX_LANGUAGE_STANDARD = "gnu++0x";
				CLANG_CXX_LIBRARY = "libc++";
				CLANG_ENABLE_MODULES = YES;
				CLANG_ENABLE_OBJC_ARC = YES;
				CLANG_WARN_BOOL_CONVERSION = YES;
				CLANG_WARN_CONSTANT_CONVERSION = YES;
				CLANG_WARN_DIRECT_OBJC_ISA_USAGE = YES_ERROR;
				CLANG_WARN_DOCUMENTATION_COMMENTS = YES;
				CLANG_WARN_EMPTY_BODY = YES;
				CLANG_WARN_ENUM_CONVERSION = YES;
				CLANG_WARN_INFINITE_RECURSION = YES;
				CLANG_WARN_INT_CONVERSION = YES;
				CLANG_WARN_OBJC_ROOT_CLASS = YES_ERROR;
				CLANG_WARN_SUSPICIOUS_MOVES = YES;
				CLANG_WARN_UNREACHABLE_CODE = YES;
				CLANG_WARN__DUPLICATE_METHOD_MATCH = YES;
				"CODE_SIGN_IDENTITY[sdk=iphoneos*]" = "iPhone Developer";
				COPY_PHASE_STRIP = NO;
				DEBUG_INFORMATION_FORMAT = "dwarf-with-dsym";
				ENABLE_NS_ASSERTIONS = NO;
				ENABLE_STRICT_OBJC_MSGSEND = YES;
				GCC_C_LANGUAGE_STANDARD = gnu99;
				GCC_NO_COMMON_BLOCKS = YES;
				GCC_WARN_64_TO_32_BIT_CONVERSION = YES;
				GCC_WARN_ABOUT_RETURN_TYPE = YES_ERROR;
				GCC_WARN_UNDECLARED_SELECTOR = YES;
				GCC_WARN_UNINITIALIZED_AUTOS = YES_AGGRESSIVE;
				GCC_WARN_UNUSED_FUNCTION = YES;
				GCC_WARN_UNUSED_VARIABLE = YES;
				IPHONEOS_DEPLOYMENT_TARGET = 10.0;
				MTL_ENABLE_DEBUG_INFO = NO;
				SDKROOT = iphoneos;
				SWIFT_OPTIMIZATION_LEVEL = "-Owholemodule";
				TARGETED_DEVICE_FAMILY = "1,2";
				VALIDATE_PRODUCT = YES;
			};
			name = Release;
		};
		1FF0F0FA1DBF4F61002BE0C9 /* Debug */ = {
			isa = XCBuildConfiguration;
			baseConfigurationReference = 52FABA55EBADF56EF8C67F6B /* Pods-bytes.debug.xcconfig */;
			buildSettings = {
				ASSETCATALOG_COMPILER_APPICON_NAME = AppIcon;
				INFOPLIST_FILE = bytes/Info.plist;
				IPHONEOS_DEPLOYMENT_TARGET = 8.4;
				LD_RUNPATH_SEARCH_PATHS = "$(inherited) @executable_path/Frameworks";
				PRODUCT_BUNDLE_IDENTIFIER = com.tbointeractive.bytes;
				PRODUCT_NAME = "$(TARGET_NAME)";
				SWIFT_VERSION = 3.0;
			};
			name = Debug;
		};
		1FF0F0FB1DBF4F61002BE0C9 /* Release */ = {
			isa = XCBuildConfiguration;
			baseConfigurationReference = E20C79CAD39B8DA3FB1F0A9D /* Pods-bytes.release.xcconfig */;
			buildSettings = {
				ASSETCATALOG_COMPILER_APPICON_NAME = AppIcon;
				INFOPLIST_FILE = bytes/Info.plist;
				IPHONEOS_DEPLOYMENT_TARGET = 8.4;
				LD_RUNPATH_SEARCH_PATHS = "$(inherited) @executable_path/Frameworks";
				PRODUCT_BUNDLE_IDENTIFIER = com.tbointeractive.bytes;
				PRODUCT_NAME = "$(TARGET_NAME)";
				SWIFT_VERSION = 3.0;
			};
			name = Release;
		};
		1FF0F0FD1DBF4F61002BE0C9 /* Debug */ = {
			isa = XCBuildConfiguration;
			baseConfigurationReference = F3DBA816DB155E058E3C1D94 /* Pods-bytesTests.debug.xcconfig */;
			buildSettings = {
				ALWAYS_EMBED_SWIFT_STANDARD_LIBRARIES = YES;
				ASSETCATALOG_COMPILER_OPTIMIZATION = "";
				BUNDLE_LOADER = "$(TEST_HOST)";
				INFOPLIST_FILE = bytesTests/Info.plist;
				IPHONEOS_DEPLOYMENT_TARGET = 8.4;
				LD_RUNPATH_SEARCH_PATHS = "$(inherited) @executable_path/Frameworks @loader_path/Frameworks";
				PRODUCT_BUNDLE_IDENTIFIER = com.tbointeractive.bytesTests;
				PRODUCT_NAME = "$(TARGET_NAME)";
				SWIFT_VERSION = 3.0;
				TEST_HOST = "$(BUILT_PRODUCTS_DIR)/bytes.app/bytes";
			};
			name = Debug;
		};
		1FF0F0FE1DBF4F61002BE0C9 /* Release */ = {
			isa = XCBuildConfiguration;
			baseConfigurationReference = 5EE23041ABFC9059661D8E2F /* Pods-bytesTests.release.xcconfig */;
			buildSettings = {
				ALWAYS_EMBED_SWIFT_STANDARD_LIBRARIES = YES;
				ASSETCATALOG_COMPILER_OPTIMIZATION = "";
				BUNDLE_LOADER = "$(TEST_HOST)";
				INFOPLIST_FILE = bytesTests/Info.plist;
				IPHONEOS_DEPLOYMENT_TARGET = 8.4;
				LD_RUNPATH_SEARCH_PATHS = "$(inherited) @executable_path/Frameworks @loader_path/Frameworks";
				PRODUCT_BUNDLE_IDENTIFIER = com.tbointeractive.bytesTests;
				PRODUCT_NAME = "$(TARGET_NAME)";
				SWIFT_VERSION = 3.0;
				TEST_HOST = "$(BUILT_PRODUCTS_DIR)/bytes.app/bytes";
			};
			name = Release;
		};
/* End XCBuildConfiguration section */

/* Begin XCConfigurationList section */
		1FF0F0D71DBF4F61002BE0C9 /* Build configuration list for PBXProject "bytes" */ = {
			isa = XCConfigurationList;
			buildConfigurations = (
				1FF0F0F71DBF4F61002BE0C9 /* Debug */,
				1FF0F0F81DBF4F61002BE0C9 /* Release */,
			);
			defaultConfigurationIsVisible = 0;
			defaultConfigurationName = Release;
		};
		1FF0F0F91DBF4F61002BE0C9 /* Build configuration list for PBXNativeTarget "bytes" */ = {
			isa = XCConfigurationList;
			buildConfigurations = (
				1FF0F0FA1DBF4F61002BE0C9 /* Debug */,
				1FF0F0FB1DBF4F61002BE0C9 /* Release */,
			);
			defaultConfigurationIsVisible = 0;
			defaultConfigurationName = Release;
		};
		1FF0F0FC1DBF4F61002BE0C9 /* Build configuration list for PBXNativeTarget "bytesTests" */ = {
			isa = XCConfigurationList;
			buildConfigurations = (
				1FF0F0FD1DBF4F61002BE0C9 /* Debug */,
				1FF0F0FE1DBF4F61002BE0C9 /* Release */,
			);
			defaultConfigurationIsVisible = 0;
			defaultConfigurationName = Release;
		};
/* End XCConfigurationList section */
	};
	rootObject = 1FF0F0D41DBF4F61002BE0C9 /* Project object */;
}
